<?xml version="1.0" encoding="utf-8"?>
<Project xmlns="http://schemas.microsoft.com/developer/msbuild/2003" ToolsVersion="4.0">
  <ItemGroup>
    <Filter Include="Header Files">
      <UniqueIdentifier>{4D1BFFCC-9CEB-4ABF-A951-582870FE71FD}</UniqueIdentifier>
      <Extensions>h;hpp;hxx;hm;inl;inc;xsd</Extensions>
    </Filter>
    <Filter Include="Header Files\TouchGFX">
      <UniqueIdentifier>{29C60541-803D-4F43-8683-028D9DA5E0CB}</UniqueIdentifier>
    </Filter>
    <Filter Include="Header Files\TouchGFX\common">
      <UniqueIdentifier>{AF2BF67C-89EC-4545-B0D2-5BD6803628D4}</UniqueIdentifier>
    </Filter>
    <Filter Include="Header Files\TouchGFX\mvp">
      <UniqueIdentifier>{A8F51E02-A400-49F1-AC86-371872A7E5E6}</UniqueIdentifier>
    </Filter>
    <Filter Include="Header Files\TouchGFX\platform">
      <UniqueIdentifier>{493CF637-721C-4516-8638-3EE4790FB455}</UniqueIdentifier>
    </Filter>
    <Filter Include="Header Files\TouchGFX\touchgfx">
      <UniqueIdentifier>{7187028B-6482-4EB3-8556-EECD38E0636B}</UniqueIdentifier>
    </Filter>
    <Filter Include="Header Files\TouchGFX\platform\driver">
      <UniqueIdentifier>{D2E6B448-6B79-434F-A8EB-C8F8415957E9}</UniqueIdentifier>
    </Filter>
    <Filter Include="Header Files\TouchGFX\platform\hal">
      <UniqueIdentifier>{07737357-9365-4A8F-B2F6-908B5FC4E808}</UniqueIdentifier>
    </Filter>
    <Filter Include="Header Files\TouchGFX\touchgfx\canvas_widget_renderer">
      <UniqueIdentifier>{085B248B-6BE1-4BF8-9913-35526BAEE4C7}</UniqueIdentifier>
    </Filter>
    <Filter Include="Header Files\TouchGFX\touchgfx\containers">
      <UniqueIdentifier>{E08C6B18-2F0E-4861-87D5-80FB0411017E}</UniqueIdentifier>
    </Filter>
    <Filter Include="Header Files\TouchGFX\touchgfx\events">
      <UniqueIdentifier>{29D72404-E5CB-472C-B00F-3784DF3CCD1E}</UniqueIdentifier>
    </Filter>
    <Filter Include="Header Files\TouchGFX\touchgfx\hal">
      <UniqueIdentifier>{09561B72-532B-45EB-8E32-CAA31C349F83}</UniqueIdentifier>
    </Filter>
    <Filter Include="Header Files\TouchGFX\touchgfx\lcd">
      <UniqueIdentifier>{A89B6308-CBC1-48EC-BF14-B3C6106FACCE}</UniqueIdentifier>
    </Filter>
    <Filter Include="Header Files\TouchGFX\touchgfx\mixins">
      <UniqueIdentifier>{DB82A963-BE52-4494-BD5E-358C5E79C081}</UniqueIdentifier>
    </Filter>
    <Filter Include="Header Files\TouchGFX\touchgfx\transforms">
      <UniqueIdentifier>{509E01BB-FBF4-4198-B748-936C1B67839A}</UniqueIdentifier>
    </Filter>
    <Filter Include="Header Files\TouchGFX\touchgfx\transitions">
      <UniqueIdentifier>{3F023E56-225A-4D4C-9D20-74447A23BAD9}</UniqueIdentifier>
    </Filter>
    <Filter Include="Header Files\TouchGFX\touchgfx\widgets">
      <UniqueIdentifier>{0E9A8FD3-B71B-46B9-B1F6-3A18292FFAC4}</UniqueIdentifier>
    </Filter>
    <Filter Include="Header Files\TouchGFX\platform\driver\lcd">
      <UniqueIdentifier>{9B32A742-EBA9-4EBA-832E-0421D7E68BC5}</UniqueIdentifier>
    </Filter>
    <Filter Include="Header Files\TouchGFX\platform\driver\touch">
      <UniqueIdentifier>{8C31441B-2191-4B32-869D-7B253AECB28F}</UniqueIdentifier>
    </Filter>
    <Filter Include="Header Files\TouchGFX\platform\hal\simulator">
      <UniqueIdentifier>{464CC9FB-AFF6-4FFA-B4D8-BCAC4B2B8898}</UniqueIdentifier>
    </Filter>
    <Filter Include="Header Files\TouchGFX\touchgfx\containers\clock">
      <UniqueIdentifier>{B7237C13-DD69-4F78-8446-9A554431E3F8}</UniqueIdentifier>
    </Filter>
    <Filter Include="Header Files\TouchGFX\touchgfx\containers\progress_indicators">
      <UniqueIdentifier>{5E0E884F-0059-4306-94BA-3197219750E3}</UniqueIdentifier>
    </Filter>
    <Filter Include="Header Files\TouchGFX\touchgfx\widgets\canvas">
      <UniqueIdentifier>{DBFF640A-BD63-40BC-A0A5-2468BC461037}</UniqueIdentifier>
    </Filter>
    <Filter Include="Header Files\TouchGFX\platform\hal\simulator\sdl2">
      <UniqueIdentifier>{EA3962C0-553C-4CFD-A89B-A116A9493818}</UniqueIdentifier>
    </Filter>
    <Filter Include="Header Files\generated">
      <UniqueIdentifier>{29C60541-803D-4F44-8783-028D9DA5E0CC}</UniqueIdentifier>
    </Filter>
    <Filter Include="Header Files\generated\simulator">
      <UniqueIdentifier>{29C60541-803D-4F43-8683-028D9DA5E0CC}</UniqueIdentifier>
    </Filter>
    <Filter Include="Resource Files">
      <UniqueIdentifier>{92BBFF14-FBDB-4755-BA47-A830D863D92B}</UniqueIdentifier>
      <Extensions>rc;ico;cur;bmp;dlg;rc2;rct;bin;rgs;gif;jpg;jpeg;jpe;resx;tiff;tif;ttf;otf;bdf;png;wav;xml;props;mfcribbon-ms</Extensions>
    </Filter>
    <Filter Include="Resource Files\assets">
      <UniqueIdentifier>{AF899B0F-78BE-47F9-A912-E92CB9156E40}</UniqueIdentifier>
    </Filter>
    <Filter Include="Resource Files\config">
      <UniqueIdentifier>{29E8A9F8-6504-4625-AB47-671A3F665E51}</UniqueIdentifier>
    </Filter>
    <Filter Include="Resource Files\assets\texts">
      <UniqueIdentifier>{382278FD-2B19-4E89-AE4F-24AF77E7A270}</UniqueIdentifier>
    </Filter>
    <Filter Include="Resource Files\config\msvs">
      <UniqueIdentifier>{C24EAEDB-9A3F-43DC-87FB-C7AC2729A078}</UniqueIdentifier>
    </Filter>
    <Filter Include="Source Files">
      <UniqueIdentifier>{2F3FC0AA-97C4-4366-9939-94A0FF4E028C}</UniqueIdentifier>
      <Extensions>cpp;c;cc;cxx;def;odl;idl;hpj;bat;asm;asmx</Extensions>
    </Filter>
    <Filter Include="Source Files\TouchGFX">
      <UniqueIdentifier>{C07B02A9-A55E-47AA-AD61-59A6AAD754E6}</UniqueIdentifier>
    </Filter>
    <Filter Include="Source Files\TouchGFX\platform">
      <UniqueIdentifier>{33EDC2DB-AF72-480C-92E5-2A2833BCAB6F}</UniqueIdentifier>
    </Filter>
    <Filter Include="Source Files\TouchGFX\platform\driver">
      <UniqueIdentifier>{1D8EFD90-430A-4539-9080-16A38861D20A}</UniqueIdentifier>
    </Filter>
    <Filter Include="Source Files\TouchGFX\platform\hal">
      <UniqueIdentifier>{E8DECBF2-0C8E-4397-8603-3101D6F922D6}</UniqueIdentifier>
    </Filter>
    <Filter Include="Source Files\TouchGFX\platform\driver\touch">
      <UniqueIdentifier>{40F0D55D-79D9-488A-AF83-ADC96179EADF}</UniqueIdentifier>
    </Filter>
    <Filter Include="Source Files\TouchGFX\platform\hal\simulator">
      <UniqueIdentifier>{3FB50DD5-31DA-4042-B7FD-2151C58CDA80}</UniqueIdentifier>
    </Filter>
    <Filter Include="Source Files\TouchGFX\platform\hal\simulator\sdl2">
      <UniqueIdentifier>{B48CB42B-0F9E-4815-BFE1-1ACC1150ED8A}</UniqueIdentifier>
    </Filter>
    <Filter Include="Source Files\simulator">
      <UniqueIdentifier>{C07B03A9-A55E-47AA-AD61-59A6AAD754E6}</UniqueIdentifier>
    </Filter>
    <Filter Include="Source Files\generated">
      <UniqueIdentifier>{C07B02B9-A55E-47AB-AD61-59A6AAD754E6}</UniqueIdentifier>
    </Filter>
    <Filter Include="Source Files\generated\simulator">
      <UniqueIdentifier>{C07B02B9-A55E-47AA-AD61-59A6AAD754E6}</UniqueIdentifier>
    </Filter>
    <Filter Include="Header Files\gui">
      <UniqueIdentifier>ECEAF7FD-1C30-313F-C3F6-DEF39B98AA80</UniqueIdentifier>
    </Filter>
    <Filter Include="Source Files\gui">
      <UniqueIdentifier>3ECDEE45-4ADC-3A0B-57F1-E827A9C58102</UniqueIdentifier>
    </Filter>
    <Filter Include="Header Files\gui\model">
      <UniqueIdentifier>711DDCDE-2CE9-1BBA-099E-5E83AA4A73C1</UniqueIdentifier>
    </Filter>
    <Filter Include="Source Files\gui\model">
      <UniqueIdentifier>6BEAE292-1F5D-A748-BB1A-6272D5AA8BAB</UniqueIdentifier>
    </Filter>
    <Filter Include="Header Files\generated\gui_generated">
      <UniqueIdentifier>82B808D0-3F5D-C029-6ED7-2AB692ACD6B3</UniqueIdentifier>
    </Filter>
    <Filter Include="Header Files\gui\common">
      <UniqueIdentifier>2FDF5BDA-9C89-D1E6-4373-92766D68EBF5</UniqueIdentifier>
    </Filter>
    <Filter Include="Source Files\generated\gui_generated">
      <UniqueIdentifier>D52E116D-4F39-E742-D79E-D1C795ED855C</UniqueIdentifier>
    </Filter>
    <Filter Include="Source Files\gui\common">
      <UniqueIdentifier>60E44DFD-3CF6-B762-AA66-A1ACBCFF13F8</UniqueIdentifier>
    </Filter>
    <Filter Include="Header Files\generated\simulator\include">
      <UniqueIdentifier>2EE0BE02-66FC-8963-28D9-7C13CB8D8187</UniqueIdentifier>
    </Filter>
    <Filter Include="Header Files\generated\gui_generated\common">
      <UniqueIdentifier>D82F98F8-3937-466B-8566-F1CE8CE05181</UniqueIdentifier>
    </Filter>
    <Filter Include="Source Files\generated\gui_generated\common">
      <UniqueIdentifier>0A8C5C33-92E2-28DF-1FC2-29743D96A618</UniqueIdentifier>
    </Filter>
    <Filter Include="Source Files\generated\simulator\video">
      <UniqueIdentifier>58C5C190-213D-6C82-2EB2-DF529247D9AC</UniqueIdentifier>
    </Filter>
    <Filter Include="Header Files\generated\simulator\include\simulator">
      <UniqueIdentifier>1D5FFE0C-9836-146F-C82C-BAF914B6255A</UniqueIdentifier>
    </Filter>
    <Filter Include="Header Files\generated\simulator\include\simulator\video">
      <UniqueIdentifier>77D1A513-04F5-7087-BA62-DE279B9C9315</UniqueIdentifier>
    </Filter>
    <Filter Include="Source Files\gui\menuscreen_screen">
      <UniqueIdentifier>9262ABE9-D41D-1896-DB95-991C6D246C8D</UniqueIdentifier>
    </Filter>
    <Filter Include="Header Files\gui\menuscreen_screen">
      <UniqueIdentifier>8329010F-28CF-AE4F-2939-027758CA9F37</UniqueIdentifier>
    </Filter>
    <Filter Include="Header Files\gui\widgets">
      <UniqueIdentifier>41B05A79-929A-B5CC-F0A0-1AD22AEB9A5B</UniqueIdentifier>
    </Filter>
    <Filter Include="Source Files\gui\containers">
      <UniqueIdentifier>14B1B3B4-0400-3218-29F6-798DB3583CAD</UniqueIdentifier>
    </Filter>
    <Filter Include="Header Files\gui\containers">
      <UniqueIdentifier>7CA524D1-268F-0F24-7F73-86EAA48F7B2A</UniqueIdentifier>
    </Filter>
    <Filter Include="Header Files\gui\volume_screen">
      <UniqueIdentifier>BEA0F932-53E9-A5A0-34B8-20D3571A022F</UniqueIdentifier>
    </Filter>
    <Filter Include="Header Files\gui\intro_screen">
      <UniqueIdentifier>FA0FA461-9BD7-D978-8B85-6A8F37747EEA</UniqueIdentifier>
    </Filter>
    <Filter Include="Header Files\gui\coffee_screen">
      <UniqueIdentifier>076B2E77-B5C5-3828-D108-F40847BDBD2D</UniqueIdentifier>
    </Filter>
    <Filter Include="Source Files\gui\intro_screen">
      <UniqueIdentifier>D5E2A121-47C7-BDE4-0328-5B6F8350248D</UniqueIdentifier>
    </Filter>
    <Filter Include="Source Files\gui\widgets">
      <UniqueIdentifier>8B233155-99DD-4684-64DC-83E0162EDD8B</UniqueIdentifier>
    </Filter>
    <Filter Include="Source Files\gui\coffee_screen">
      <UniqueIdentifier>35759813-B9FE-32C7-97FA-8D84B233DEC1</UniqueIdentifier>
    </Filter>
    <Filter Include="Source Files\gui\volume_screen">
      <UniqueIdentifier>ADAE51EF-FFC7-2D41-9CFF-9A036D0EA01F</UniqueIdentifier>
    </Filter>
    <Filter Include="Source Files\gui\exercisescreen_screen">
      <UniqueIdentifier>42C64CB2-0FBB-DD01-499A-5708DFD3D7F0</UniqueIdentifier>
    </Filter>
    <Filter Include="Header Files\gui\hobscreen_screen">
      <UniqueIdentifier>127E0B6A-2B36-6995-FB22-CA03301BCF06</UniqueIdentifier>
    </Filter>
    <Filter Include="Source Files\gui\oventempview_screen">
      <UniqueIdentifier>5AD051A0-2E03-57B2-B112-6E120FB98536</UniqueIdentifier>
    </Filter>
    <Filter Include="Header Files\gui\exercisescreen_screen">
      <UniqueIdentifier>1E4DC715-2C66-F18F-3E27-284C9C058AAB</UniqueIdentifier>
    </Filter>
    <Filter Include="Source Files\gui\hobscreen_screen">
      <UniqueIdentifier>5C937EF0-D149-5488-4A6E-7541BB19BF9B</UniqueIdentifier>
    </Filter>
    <Filter Include="Header Files\gui\oventempview_screen">
      <UniqueIdentifier>508A2979-E062-7052-EA91-8E204AD54342</UniqueIdentifier>
    </Filter>
    <Filter Include="Header Files\gui\hoblevelscreen_screen">
      <UniqueIdentifier>B38357B4-BA36-ECD4-3916-224495BE2B88</UniqueIdentifier>
    </Filter>
    <Filter Include="Source Files\gui\runningscreen_screen">
      <UniqueIdentifier>E9429B59-FE8A-685C-60AA-995D490AF179</UniqueIdentifier>
    </Filter>
    <Filter Include="Source Files\gui\hoblevelscreen_screen">
      <UniqueIdentifier>58762C7A-13AD-2683-B7B1-D7BC4ACA9CC3</UniqueIdentifier>
    </Filter>
    <Filter Include="Header Files\gui\runningscreen_screen">
      <UniqueIdentifier>15D76447-1200-63DF-AA8E-3B83652B5877</UniqueIdentifier>
    </Filter>
    <Filter Include="Header Files\generated\gui_generated\runningscreen_screen">
      <UniqueIdentifier>3FCD66EF-EE47-8F09-DE32-E562F946F054</UniqueIdentifier>
    </Filter>
    <Filter Include="Source Files\generated\gui_generated\runningscreen_screen">
      <UniqueIdentifier>A2EC3AF0-023D-59F6-01C6-393FC389B43A</UniqueIdentifier>
    </Filter>
    <Filter Include="Header Files\generated\gui_generated\oventempview_screen">
      <UniqueIdentifier>EB4F29ED-8A48-3B53-146E-3B0B940BCDB7</UniqueIdentifier>
    </Filter>
    <Filter Include="Source Files\generated\gui_generated\oventempview_screen">
      <UniqueIdentifier>7DB9172E-0AAA-FCFA-AF07-668CB968A578</UniqueIdentifier>
    </Filter>
    <Filter Include="Source Files\generated\gui_generated\containers">
      <UniqueIdentifier>335BFB7D-2800-E923-C3BA-7D7C3C513073</UniqueIdentifier>
    </Filter>
    <Filter Include="Header Files\generated\gui_generated\containers">
      <UniqueIdentifier>512E5F92-370C-DED7-D658-FC1DE2F39814</UniqueIdentifier>
    </Filter>
    <Filter Include="Source Files\generated\gui_generated\coffee_screen">
      <UniqueIdentifier>E4E6B84F-62B0-3893-5410-15D3F440769F</UniqueIdentifier>
    </Filter>
    <Filter Include="Source Files\generated\gui_generated\volume_screen">
      <UniqueIdentifier>C99A96C0-3A69-1E49-EB9B-1B1FDDB79554</UniqueIdentifier>
    </Filter>
    <Filter Include="Header Files\generated\gui_generated\menuscreen_screen">
      <UniqueIdentifier>6EBBA105-AFB3-7959-99ED-1B465A6AC6F0</UniqueIdentifier>
    </Filter>
    <Filter Include="Source Files\generated\gui_generated\menuscreen_screen">
      <UniqueIdentifier>698E88D6-D6FB-B42C-281F-ECB2000A09AD</UniqueIdentifier>
    </Filter>
    <Filter Include="Header Files\generated\gui_generated\intro_screen">
      <UniqueIdentifier>FE9C1D3A-C89F-8EC3-FE0A-1171225C9645</UniqueIdentifier>
    </Filter>
    <Filter Include="Source Files\generated\gui_generated\intro_screen">
      <UniqueIdentifier>6C2690EB-0E07-57D5-F8CD-8AA99BA8BDC4</UniqueIdentifier>
    </Filter>
    <Filter Include="Header Files\generated\gui_generated\hobscreen_screen">
      <UniqueIdentifier>E667821A-DB7A-275F-99C5-ED2387943905</UniqueIdentifier>
    </Filter>
    <Filter Include="Source Files\generated\gui_generated\hobscreen_screen">
      <UniqueIdentifier>51A431C8-E6A4-CBD8-A321-277D347A3FCC</UniqueIdentifier>
    </Filter>
    <Filter Include="Header Files\generated\gui_generated\hoblevelscreen_screen">
      <UniqueIdentifier>27478D93-256D-3BA4-714A-F2820A89AA77</UniqueIdentifier>
    </Filter>
    <Filter Include="Source Files\generated\gui_generated\hoblevelscreen_screen">
      <UniqueIdentifier>88FCB905-34B5-CCB9-CE6F-2CDEE66DDB1A</UniqueIdentifier>
    </Filter>
    <Filter Include="Header Files\generated\gui_generated\exercisescreen_screen">
      <UniqueIdentifier>FC3C34A1-F93C-DE40-9C06-59F69560DBC1</UniqueIdentifier>
    </Filter>
    <Filter Include="Source Files\generated\gui_generated\exercisescreen_screen">
      <UniqueIdentifier>D4F016A4-666B-A45C-C8C6-0238F4F7964D</UniqueIdentifier>
    </Filter>
    <Filter Include="Header Files\generated\gui_generated\coffee_screen">
      <UniqueIdentifier>09F258C8-30A5-0870-4B88-DFA9137A4374</UniqueIdentifier>
    </Filter>
    <Filter Include="Header Files\generated\gui_generated\volume_screen">
      <UniqueIdentifier>9825B04E-F019-460F-8423-640B7B18B6E8</UniqueIdentifier>
    </Filter>
  </ItemGroup>
  <ItemGroup>
    <ClCompile Include="$(TouchGFXReleasePath)\framework\source\platform\driver\touch\SDL2TouchController.cpp">
      <Filter>Source Files\TouchGFX\platform\driver\touch</Filter>
    </ClCompile>
    <ClCompile Include="$(TouchGFXReleasePath)\framework\source\platform\hal\simulator\sdl2\HALSDL2.cpp">
      <Filter>Source Files\TouchGFX\platform\hal\simulator\sdl2</Filter>
    </ClCompile>
    <ClCompile Include="$(TouchGFXReleasePath)\framework\source\platform\hal\simulator\sdl2\HALSDL2_icon.cpp">
      <Filter>Source Files\TouchGFX\platform\hal\simulator\sdl2</Filter>
    </ClCompile>
    <ClCompile Include="$(TouchGFXReleasePath)\framework\source\platform\hal\simulator\sdl2\OSWrappers.cpp">
      <Filter>Source Files\TouchGFX\platform\hal\simulator\sdl2</Filter>
    </ClCompile>
    <ClCompile Include="$(ApplicationRoot)\simulator\main.cpp">
      <Filter>Source Files\simulator</Filter>
    </ClCompile>
    <ClCompile Include="$(ApplicationRoot)\generated\simulator\src\mainBase.cpp">
      <Filter>Source Files\generated\simulator</Filter>
    </ClCompile>
    <ClCompile Include="..\..\gui\src\common\FrontendApplication.cpp">
      <Filter>Source Files\gui\common</Filter>
    </ClCompile>
    <ClCompile Include="..\..\generated\gui_generated\src\common\FrontendApplicationBase.cpp">
      <Filter>Source Files\generated\gui_generated\common</Filter>
    </ClCompile>
    <ClCompile Include="..\..\gui\src\model\Model.cpp">
      <Filter>Source Files\gui\model</Filter>
    </ClCompile>
    <ClCompile Include="..\..\generated\simulator\src\video\SoftwareMJPEGDecoder.cpp">
      <Filter>Source Files\generated\simulator\video</Filter>
    </ClCompile>
    <ClCompile Include="..\..\gui\src\widgets\AnalogClockExtended.cpp">
      <Filter>Source Files\gui\widgets</Filter>
    </ClCompile>
    <ClCompile Include="..\..\gui\src\containers\blackContainer.cpp">
      <Filter>Source Files\gui\containers</Filter>
    </ClCompile>
    <ClCompile Include="..\..\generated\gui_generated\src\containers\blackContainerBase.cpp">
      <Filter>Source Files\generated\gui_generated\containers</Filter>
    </ClCompile>
    <ClCompile Include="..\..\gui\src\coffee_screen\CoffeePresenter.cpp">
      <Filter>Source Files\gui\coffee_screen</Filter>
    </ClCompile>
    <ClCompile Include="..\..\gui\src\coffee_screen\CoffeeView.cpp">
      <Filter>Source Files\gui\coffee_screen</Filter>
    </ClCompile>
    <ClCompile Include="..\..\generated\gui_generated\src\coffee_screen\CoffeeViewBase.cpp">
      <Filter>Source Files\generated\gui_generated\coffee_screen</Filter>
    </ClCompile>
    <ClCompile Include="..\..\gui\src\common\Constants.cpp">
      <Filter>Source Files\gui\common</Filter>
    </ClCompile>
    <ClCompile Include="..\..\gui\src\common\Enums.cpp">
      <Filter>Source Files\gui\common</Filter>
    </ClCompile>
    <ClCompile Include="..\..\gui\src\exercisescreen_screen\ExerciseScreenPresenter.cpp">
      <Filter>Source Files\gui\exercisescreen_screen</Filter>
    </ClCompile>
    <ClCompile Include="..\..\gui\src\exercisescreen_screen\ExerciseScreenView.cpp">
      <Filter>Source Files\gui\exercisescreen_screen</Filter>
    </ClCompile>
    <ClCompile Include="..\..\generated\gui_generated\src\exercisescreen_screen\ExerciseScreenViewBase.cpp">
      <Filter>Source Files\generated\gui_generated\exercisescreen_screen</Filter>
    </ClCompile>
    <ClCompile Include="..\..\gui\src\common\FloatEasingEquations.cpp">
      <Filter>Source Files\gui\common</Filter>
    </ClCompile>
    <ClCompile Include="..\..\gui\src\hoblevelscreen_screen\HobLevelScreenPresenter.cpp">
      <Filter>Source Files\gui\hoblevelscreen_screen</Filter>
    </ClCompile>
    <ClCompile Include="..\..\gui\src\hoblevelscreen_screen\HobLevelScreenView.cpp">
      <Filter>Source Files\gui\hoblevelscreen_screen</Filter>
    </ClCompile>
    <ClCompile Include="..\..\generated\gui_generated\src\hoblevelscreen_screen\HobLevelScreenViewBase.cpp">
      <Filter>Source Files\generated\gui_generated\hoblevelscreen_screen</Filter>
    </ClCompile>
    <ClCompile Include="..\..\gui\src\hobscreen_screen\HobScreenPresenter.cpp">
      <Filter>Source Files\gui\hobscreen_screen</Filter>
    </ClCompile>
    <ClCompile Include="..\..\gui\src\hobscreen_screen\HobScreenView.cpp">
      <Filter>Source Files\gui\hobscreen_screen</Filter>
    </ClCompile>
    <ClCompile Include="..\..\generated\gui_generated\src\hobscreen_screen\HobScreenViewBase.cpp">
      <Filter>Source Files\generated\gui_generated\hobscreen_screen</Filter>
    </ClCompile>
    <ClCompile Include="..\..\gui\src\intro_screen\IntroPresenter.cpp">
      <Filter>Source Files\gui\intro_screen</Filter>
    </ClCompile>
    <ClCompile Include="..\..\gui\src\intro_screen\IntroView.cpp">
      <Filter>Source Files\gui\intro_screen</Filter>
    </ClCompile>
    <ClCompile Include="..\..\generated\gui_generated\src\intro_screen\IntroViewBase.cpp">
      <Filter>Source Files\generated\gui_generated\intro_screen</Filter>
    </ClCompile>
    <ClCompile Include="..\..\gui\src\menuscreen_screen\MenuScreenPresenter.cpp">
      <Filter>Source Files\gui\menuscreen_screen</Filter>
    </ClCompile>
    <ClCompile Include="..\..\gui\src\menuscreen_screen\MenuScreenView.cpp">
      <Filter>Source Files\gui\menuscreen_screen</Filter>
    </ClCompile>
    <ClCompile Include="..\..\generated\gui_generated\src\menuscreen_screen\MenuScreenViewBase.cpp">
      <Filter>Source Files\generated\gui_generated\menuscreen_screen</Filter>
    </ClCompile>
    <ClCompile Include="..\..\gui\src\containers\MenuWheel.cpp">
      <Filter>Source Files\gui\containers</Filter>
    </ClCompile>
    <ClCompile Include="..\..\generated\gui_generated\src\containers\MenuWheelBase.cpp">
      <Filter>Source Files\generated\gui_generated\containers</Filter>
    </ClCompile>
    <ClCompile Include="..\..\gui\src\oventempview_screen\OvenTempViewPresenter.cpp">
      <Filter>Source Files\gui\oventempview_screen</Filter>
    </ClCompile>
    <ClCompile Include="..\..\gui\src\oventempview_screen\OvenTempViewView.cpp">
      <Filter>Source Files\gui\oventempview_screen</Filter>
    </ClCompile>
    <ClCompile Include="..\..\generated\gui_generated\src\oventempview_screen\OvenTempViewViewBase.cpp">
      <Filter>Source Files\generated\gui_generated\oventempview_screen</Filter>
    </ClCompile>
    <ClCompile Include="..\..\gui\src\runningscreen_screen\RunningScreenPresenter.cpp">
      <Filter>Source Files\gui\runningscreen_screen</Filter>
    </ClCompile>
    <ClCompile Include="..\..\gui\src\runningscreen_screen\RunningScreenView.cpp">
      <Filter>Source Files\gui\runningscreen_screen</Filter>
    </ClCompile>
    <ClCompile Include="..\..\generated\gui_generated\src\runningscreen_screen\RunningScreenViewBase.cpp">
      <Filter>Source Files\generated\gui_generated\runningscreen_screen</Filter>
    </ClCompile>
    <ClCompile Include="..\..\gui\src\common\Settings.cpp">
      <Filter>Source Files\gui\common</Filter>
    </ClCompile>
    <ClCompile Include="..\..\gui\src\widgets\TextArc.cpp">
      <Filter>Source Files\gui\widgets</Filter>
    </ClCompile>
    <ClCompile Include="..\..\gui\src\volume_screen\VolumePresenter.cpp">
      <Filter>Source Files\gui\volume_screen</Filter>
    </ClCompile>
    <ClCompile Include="..\..\gui\src\volume_screen\VolumeView.cpp">
      <Filter>Source Files\gui\volume_screen</Filter>
    </ClCompile>
    <ClCompile Include="..\..\generated\gui_generated\src\volume_screen\VolumeViewBase.cpp">
      <Filter>Source Files\generated\gui_generated\volume_screen</Filter>
    </ClCompile>
  </ItemGroup>
  <ItemGroup>
    <None Include="$(ApplicationRoot)\assets\texts\texts.xml">
      <Filter>Resource Files\assets\texts</Filter>
    </None>
    <None Include="$(ApplicationRoot)\config\msvs\Application.props">
      <Filter>Resource Files\config\msvs</Filter>
    </None>
  </ItemGroup>
  <ItemGroup>
    <ClInclude Include="$(TouchGFXReleasePath)\framework\include\common\AbstractPartition.hpp">
      <Filter>Header Files\TouchGFX\common</Filter>
    </ClInclude>
    <ClInclude Include="$(TouchGFXReleasePath)\framework\include\common\Meta.hpp">
      <Filter>Header Files\TouchGFX\common</Filter>
    </ClInclude>
    <ClInclude Include="$(TouchGFXReleasePath)\framework\include\common\Partition.hpp">
      <Filter>Header Files\TouchGFX\common</Filter>
    </ClInclude>
    <ClInclude Include="$(TouchGFXReleasePath)\framework\include\common\TouchGFXInit.hpp">
      <Filter>Header Files\TouchGFX\common</Filter>
    </ClInclude>
    <ClInclude Include="$(TouchGFXReleasePath)\framework\include\mvp\MVPApplication.hpp">
      <Filter>Header Files\TouchGFX\mvp</Filter>
    </ClInclude>
    <ClInclude Include="$(TouchGFXReleasePath)\framework\include\mvp\MVPHeap.hpp">
      <Filter>Header Files\TouchGFX\mvp</Filter>
    </ClInclude>
    <ClInclude Include="$(TouchGFXReleasePath)\framework\include\mvp\Presenter.hpp">
      <Filter>Header Files\TouchGFX\mvp</Filter>
    </ClInclude>
    <ClInclude Include="$(TouchGFXReleasePath)\framework\include\mvp\View.hpp">
      <Filter>Header Files\TouchGFX\mvp</Filter>
    </ClInclude>
    <ClInclude Include="$(TouchGFXReleasePath)\framework\include\platform\driver\lcd\LCD16bpp.hpp">
      <Filter>Header Files\TouchGFX\platform\driver\lcd</Filter>
    </ClInclude>
    <ClInclude Include="$(TouchGFXReleasePath)\framework\include\platform\driver\lcd\LCD1bpp.hpp">
      <Filter>Header Files\TouchGFX\platform\driver\lcd</Filter>
    </ClInclude>
    <ClInclude Include="$(TouchGFXReleasePath)\framework\include\platform\driver\lcd\LCD24bpp.hpp">
      <Filter>Header Files\TouchGFX\platform\driver\lcd</Filter>
    </ClInclude>
    <ClInclude Include="$(TouchGFXReleasePath)\framework\include\platform\driver\lcd\LCD2bpp.hpp">
      <Filter>Header Files\TouchGFX\platform\driver\lcd</Filter>
    </ClInclude>
    <ClInclude Include="$(TouchGFXReleasePath)\framework\include\platform\driver\lcd\LCD4bpp.hpp">
      <Filter>Header Files\TouchGFX\platform\driver\lcd</Filter>
    </ClInclude>
    <ClInclude Include="$(TouchGFXReleasePath)\framework\include\platform\driver\touch\SDL2TouchController.hpp">
      <Filter>Header Files\TouchGFX\platform\driver\touch</Filter>
    </ClInclude>
    <ClInclude Include="$(TouchGFXReleasePath)\framework\include\platform\hal\simulator\sdl2\HALSDL2.hpp">
      <Filter>Header Files\TouchGFX\platform\hal\simulator\sdl2</Filter>
    </ClInclude>
    <ClInclude Include="$(TouchGFXReleasePath)\framework\include\touchgfx\Application.hpp">
      <Filter>Header Files\TouchGFX\touchgfx</Filter>
    </ClInclude>
    <ClInclude Include="$(TouchGFXReleasePath)\framework\include\touchgfx\Bitmap.hpp">
      <Filter>Header Files\TouchGFX\touchgfx</Filter>
    </ClInclude>
    <ClInclude Include="$(TouchGFXReleasePath)\framework\include\touchgfx\Callback.hpp">
      <Filter>Header Files\TouchGFX\touchgfx</Filter>
    </ClInclude>
    <ClInclude Include="$(TouchGFXReleasePath)\framework\include\touchgfx\canvas_widget_renderer\CanvasWidgetRenderer.hpp">
      <Filter>Header Files\TouchGFX\touchgfx\canvas_widget_renderer</Filter>
    </ClInclude>
    <ClInclude Include="$(TouchGFXReleasePath)\framework\include\touchgfx\canvas_widget_renderer\Cell.hpp">
      <Filter>Header Files\TouchGFX\touchgfx\canvas_widget_renderer</Filter>
    </ClInclude>
    <ClInclude Include="$(TouchGFXReleasePath)\framework\include\touchgfx\canvas_widget_renderer\Outline.hpp">
      <Filter>Header Files\TouchGFX\touchgfx\canvas_widget_renderer</Filter>
    </ClInclude>
    <ClInclude Include="$(TouchGFXReleasePath)\framework\include\touchgfx\canvas_widget_renderer\Rasterizer.hpp">
      <Filter>Header Files\TouchGFX\touchgfx\canvas_widget_renderer</Filter>
    </ClInclude>
    <ClInclude Include="$(TouchGFXReleasePath)\framework\include\touchgfx\canvas_widget_renderer\Renderer.hpp">
      <Filter>Header Files\TouchGFX\touchgfx\canvas_widget_renderer</Filter>
    </ClInclude>
    <ClInclude Include="$(TouchGFXReleasePath)\framework\include\touchgfx\canvas_widget_renderer\RenderingBuffer.hpp">
      <Filter>Header Files\TouchGFX\touchgfx\canvas_widget_renderer</Filter>
    </ClInclude>
    <ClInclude Include="$(TouchGFXReleasePath)\framework\include\touchgfx\canvas_widget_renderer\RGBA8.hpp">
      <Filter>Header Files\TouchGFX\touchgfx\canvas_widget_renderer</Filter>
    </ClInclude>
    <ClInclude Include="$(TouchGFXReleasePath)\framework\include\touchgfx\canvas_widget_renderer\Scanline.hpp">
      <Filter>Header Files\TouchGFX\touchgfx\canvas_widget_renderer</Filter>
    </ClInclude>
    <ClInclude Include="$(TouchGFXReleasePath)\framework\include\touchgfx\Color.hpp">
      <Filter>Header Files\TouchGFX\touchgfx</Filter>
    </ClInclude>
    <ClInclude Include="$(TouchGFXReleasePath)\framework\include\touchgfx\ConstFont.hpp">
      <Filter>Header Files\TouchGFX\touchgfx</Filter>
    </ClInclude>
    <ClInclude Include="$(TouchGFXReleasePath)\framework\include\touchgfx\containers\clock\AbstractClock.hpp">
      <Filter>Header Files\TouchGFX\touchgfx\containers\clock</Filter>
    </ClInclude>
    <ClInclude Include="$(TouchGFXReleasePath)\framework\include\touchgfx\containers\clock\AnalogClock.hpp">
      <Filter>Header Files\TouchGFX\touchgfx\containers\clock</Filter>
    </ClInclude>
    <ClInclude Include="$(TouchGFXReleasePath)\framework\include\touchgfx\containers\clock\DigitalClock.hpp">
      <Filter>Header Files\TouchGFX\touchgfx\containers\clock</Filter>
    </ClInclude>
    <ClInclude Include="$(TouchGFXReleasePath)\framework\include\touchgfx\containers\Container.hpp">
      <Filter>Header Files\TouchGFX\touchgfx\containers</Filter>
    </ClInclude>
    <ClInclude Include="$(TouchGFXReleasePath)\framework\include\touchgfx\containers\ListLayout.hpp">
      <Filter>Header Files\TouchGFX\touchgfx\containers</Filter>
    </ClInclude>
    <ClInclude Include="$(TouchGFXReleasePath)\framework\include\touchgfx\containers\ModalWindow.hpp">
      <Filter>Header Files\TouchGFX\touchgfx\containers</Filter>
    </ClInclude>
    <ClInclude Include="$(TouchGFXReleasePath)\framework\include\touchgfx\containers\progress_indicators\AbstractDirectionProgress.hpp">
      <Filter>Header Files\TouchGFX\touchgfx\containers\progress_indicators</Filter>
    </ClInclude>
    <ClInclude Include="$(TouchGFXReleasePath)\framework\include\touchgfx\containers\progress_indicators\AbstractProgressIndicator.hpp">
      <Filter>Header Files\TouchGFX\touchgfx\containers\progress_indicators</Filter>
    </ClInclude>
    <ClInclude Include="$(TouchGFXReleasePath)\framework\include\touchgfx\containers\progress_indicators\BoxProgress.hpp">
      <Filter>Header Files\TouchGFX\touchgfx\containers\progress_indicators</Filter>
    </ClInclude>
    <ClInclude Include="$(TouchGFXReleasePath)\framework\include\touchgfx\containers\progress_indicators\CircleProgress.hpp">
      <Filter>Header Files\TouchGFX\touchgfx\containers\progress_indicators</Filter>
    </ClInclude>
    <ClInclude Include="$(TouchGFXReleasePath)\framework\include\touchgfx\containers\progress_indicators\ImageProgress.hpp">
      <Filter>Header Files\TouchGFX\touchgfx\containers\progress_indicators</Filter>
    </ClInclude>
    <ClInclude Include="$(TouchGFXReleasePath)\framework\include\touchgfx\containers\progress_indicators\LineProgress.hpp">
      <Filter>Header Files\TouchGFX\touchgfx\containers\progress_indicators</Filter>
    </ClInclude>
    <ClInclude Include="$(TouchGFXReleasePath)\framework\include\touchgfx\containers\progress_indicators\TextProgress.hpp">
      <Filter>Header Files\TouchGFX\touchgfx\containers\progress_indicators</Filter>
    </ClInclude>
    <ClInclude Include="$(TouchGFXReleasePath)\framework\include\touchgfx\containers\ScrollableContainer.hpp">
      <Filter>Header Files\TouchGFX\touchgfx\containers</Filter>
    </ClInclude>
    <ClInclude Include="$(TouchGFXReleasePath)\framework\include\touchgfx\containers\SlideMenu.hpp">
      <Filter>Header Files\TouchGFX\touchgfx\containers</Filter>
    </ClInclude>
    <ClInclude Include="$(TouchGFXReleasePath)\framework\include\touchgfx\containers\Slider.hpp">
      <Filter>Header Files\TouchGFX\touchgfx\containers</Filter>
    </ClInclude>
    <ClInclude Include="$(TouchGFXReleasePath)\framework\include\touchgfx\containers\ZoomAnimationImage.hpp">
      <Filter>Header Files\TouchGFX\touchgfx\containers</Filter>
    </ClInclude>
    <ClInclude Include="$(TouchGFXReleasePath)\framework\include\touchgfx\Drawable.hpp">
      <Filter>Header Files\TouchGFX\touchgfx</Filter>
    </ClInclude>
    <ClInclude Include="$(TouchGFXReleasePath)\framework\include\touchgfx\EasingEquations.hpp">
      <Filter>Header Files\TouchGFX\touchgfx</Filter>
    </ClInclude>
    <ClInclude Include="$(TouchGFXReleasePath)\framework\include\touchgfx\Event.hpp">
      <Filter>Header Files\TouchGFX\touchgfx</Filter>
    </ClInclude>
    <ClInclude Include="$(TouchGFXReleasePath)\framework\include\touchgfx\events\ClickEvent.hpp">
      <Filter>Header Files\TouchGFX\touchgfx\events</Filter>
    </ClInclude>
    <ClInclude Include="$(TouchGFXReleasePath)\framework\include\touchgfx\events\DragEvent.hpp">
      <Filter>Header Files\TouchGFX\touchgfx\events</Filter>
    </ClInclude>
    <ClInclude Include="$(TouchGFXReleasePath)\framework\include\touchgfx\events\GestureEvent.hpp">
      <Filter>Header Files\TouchGFX\touchgfx\events</Filter>
    </ClInclude>
    <ClInclude Include="$(TouchGFXReleasePath)\framework\include\touchgfx\Font.hpp">
      <Filter>Header Files\TouchGFX\touchgfx</Filter>
    </ClInclude>
    <ClInclude Include="$(TouchGFXReleasePath)\framework\include\touchgfx\FontManager.hpp">
      <Filter>Header Files\TouchGFX\touchgfx</Filter>
    </ClInclude>
    <ClInclude Include="$(TouchGFXReleasePath)\framework\include\touchgfx\hal\Atomic.hpp">
      <Filter>Header Files\TouchGFX\touchgfx\hal</Filter>
    </ClInclude>
    <ClInclude Include="$(TouchGFXReleasePath)\framework\include\touchgfx\hal\BlitOp.hpp">
      <Filter>Header Files\TouchGFX\touchgfx\hal</Filter>
    </ClInclude>
    <ClInclude Include="$(TouchGFXReleasePath)\framework\include\touchgfx\hal\BoardConfiguration.hpp">
      <Filter>Header Files\TouchGFX\touchgfx\hal</Filter>
    </ClInclude>
    <ClInclude Include="$(TouchGFXReleasePath)\framework\include\touchgfx\hal\Buttons.hpp">
      <Filter>Header Files\TouchGFX\touchgfx\hal</Filter>
    </ClInclude>
    <ClInclude Include="$(TouchGFXReleasePath)\framework\include\touchgfx\hal\Config.hpp">
      <Filter>Header Files\TouchGFX\touchgfx\hal</Filter>
    </ClInclude>
    <ClInclude Include="$(TouchGFXReleasePath)\framework\include\touchgfx\hal\DMA.hpp">
      <Filter>Header Files\TouchGFX\touchgfx\hal</Filter>
    </ClInclude>
    <ClInclude Include="$(TouchGFXReleasePath)\framework\include\touchgfx\hal\Gestures.hpp">
      <Filter>Header Files\TouchGFX\touchgfx\hal</Filter>
    </ClInclude>
    <ClInclude Include="$(TouchGFXReleasePath)\framework\include\touchgfx\hal\GPIO.hpp">
      <Filter>Header Files\TouchGFX\touchgfx\hal</Filter>
    </ClInclude>
    <ClInclude Include="$(TouchGFXReleasePath)\framework\include\touchgfx\hal\HAL.hpp">
      <Filter>Header Files\TouchGFX\touchgfx\hal</Filter>
    </ClInclude>
    <ClInclude Include="$(TouchGFXReleasePath)\framework\include\touchgfx\hal\LED.hpp">
      <Filter>Header Files\TouchGFX\touchgfx\hal</Filter>
    </ClInclude>
    <ClInclude Include="$(TouchGFXReleasePath)\framework\include\touchgfx\hal\NoDMA.hpp">
      <Filter>Header Files\TouchGFX\touchgfx\hal</Filter>
    </ClInclude>
    <ClInclude Include="$(TouchGFXReleasePath)\framework\include\touchgfx\hal\OSWrappers.hpp">
      <Filter>Header Files\TouchGFX\touchgfx\hal</Filter>
    </ClInclude>
    <ClInclude Include="$(TouchGFXReleasePath)\framework\include\touchgfx\hal\Types.hpp">
      <Filter>Header Files\TouchGFX\touchgfx\hal</Filter>
    </ClInclude>
    <ClInclude Include="$(TouchGFXReleasePath)\framework\include\touchgfx\InternalFlashFont.hpp">
      <Filter>Header Files\TouchGFX\touchgfx</Filter>
    </ClInclude>
    <ClInclude Include="$(TouchGFXReleasePath)\framework\include\touchgfx\JSMOCHelper.hpp">
      <Filter>Header Files\TouchGFX\touchgfx</Filter>
    </ClInclude>
    <ClInclude Include="$(TouchGFXReleasePath)\framework\include\touchgfx\lcd\LCD.hpp">
      <Filter>Header Files\TouchGFX\touchgfx\lcd</Filter>
    </ClInclude>
    <ClInclude Include="$(TouchGFXReleasePath)\framework\include\touchgfx\Math3D.hpp">
      <Filter>Header Files\TouchGFX\touchgfx</Filter>
    </ClInclude>
    <ClInclude Include="$(TouchGFXReleasePath)\framework\include\touchgfx\mixins\ClickListener.hpp">
      <Filter>Header Files\TouchGFX\touchgfx\mixins</Filter>
    </ClInclude>
    <ClInclude Include="$(TouchGFXReleasePath)\framework\include\touchgfx\mixins\Draggable.hpp">
      <Filter>Header Files\TouchGFX\touchgfx\mixins</Filter>
    </ClInclude>
    <ClInclude Include="$(TouchGFXReleasePath)\framework\include\touchgfx\mixins\FadeAnimator.hpp">
      <Filter>Header Files\TouchGFX\touchgfx\mixins</Filter>
    </ClInclude>
    <ClInclude Include="$(TouchGFXReleasePath)\framework\include\touchgfx\mixins\MoveAnimator.hpp">
      <Filter>Header Files\TouchGFX\touchgfx\mixins</Filter>
    </ClInclude>
    <ClInclude Include="$(TouchGFXReleasePath)\framework\include\touchgfx\mixins\PreRenderable.hpp">
      <Filter>Header Files\TouchGFX\touchgfx\mixins</Filter>
    </ClInclude>
    <ClInclude Include="$(TouchGFXReleasePath)\framework\include\touchgfx\mixins\Snapper.hpp">
      <Filter>Header Files\TouchGFX\touchgfx\mixins</Filter>
    </ClInclude>
    <ClInclude Include="$(TouchGFXReleasePath)\framework\include\touchgfx\Screen.hpp">
      <Filter>Header Files\TouchGFX\touchgfx</Filter>
    </ClInclude>
    <ClInclude Include="$(TouchGFXReleasePath)\framework\include\touchgfx\TextProvider.hpp">
      <Filter>Header Files\TouchGFX\touchgfx</Filter>
    </ClInclude>
    <ClInclude Include="$(TouchGFXReleasePath)\framework\include\touchgfx\Texts.hpp">
      <Filter>Header Files\TouchGFX\touchgfx</Filter>
    </ClInclude>
    <ClInclude Include="$(TouchGFXReleasePath)\framework\include\touchgfx\TextureMapTypes.hpp">
      <Filter>Header Files\TouchGFX\touchgfx</Filter>
    </ClInclude>
    <ClInclude Include="$(TouchGFXReleasePath)\framework\include\touchgfx\transforms\DisplayTransformation.hpp">
      <Filter>Header Files\TouchGFX\touchgfx\transforms</Filter>
    </ClInclude>
    <ClInclude Include="$(TouchGFXReleasePath)\framework\include\touchgfx\transforms\TouchCalibration.hpp">
      <Filter>Header Files\TouchGFX\touchgfx\transforms</Filter>
    </ClInclude>
    <ClInclude Include="$(TouchGFXReleasePath)\framework\include\touchgfx\transitions\NoTransition.hpp">
      <Filter>Header Files\TouchGFX\touchgfx\transitions</Filter>
    </ClInclude>
    <ClInclude Include="$(TouchGFXReleasePath)\framework\include\touchgfx\transitions\SlideTransition.hpp">
      <Filter>Header Files\TouchGFX\touchgfx\transitions</Filter>
    </ClInclude>
    <ClInclude Include="$(TouchGFXReleasePath)\framework\include\touchgfx\transitions\Transition.hpp">
      <Filter>Header Files\TouchGFX\touchgfx\transitions</Filter>
    </ClInclude>
    <ClInclude Include="$(TouchGFXReleasePath)\framework\include\touchgfx\TypedText.hpp">
      <Filter>Header Files\TouchGFX\touchgfx</Filter>
    </ClInclude>
    <ClInclude Include="$(TouchGFXReleasePath)\framework\include\touchgfx\UIEventListener.hpp">
      <Filter>Header Files\TouchGFX\touchgfx</Filter>
    </ClInclude>
    <ClInclude Include="$(TouchGFXReleasePath)\framework\include\touchgfx\Unicode.hpp">
      <Filter>Header Files\TouchGFX\touchgfx</Filter>
    </ClInclude>
    <ClInclude Include="$(TouchGFXReleasePath)\framework\include\touchgfx\Utils.hpp">
      <Filter>Header Files\TouchGFX\touchgfx</Filter>
    </ClInclude>
    <ClInclude Include="$(TouchGFXReleasePath)\framework\include\touchgfx\widgets\AbstractButton.hpp">
      <Filter>Header Files\TouchGFX\touchgfx\widgets</Filter>
    </ClInclude>
    <ClInclude Include="$(TouchGFXReleasePath)\framework\include\touchgfx\widgets\AnimatedImage.hpp">
      <Filter>Header Files\TouchGFX\touchgfx\widgets</Filter>
    </ClInclude>
    <ClInclude Include="$(TouchGFXReleasePath)\framework\include\touchgfx\widgets\AnimationTextureMapper.hpp">
      <Filter>Header Files\TouchGFX\touchgfx\widgets</Filter>
    </ClInclude>
    <ClInclude Include="$(TouchGFXReleasePath)\framework\include\touchgfx\widgets\Box.hpp">
      <Filter>Header Files\TouchGFX\touchgfx\widgets</Filter>
    </ClInclude>
    <ClInclude Include="$(TouchGFXReleasePath)\framework\include\touchgfx\widgets\Button.hpp">
      <Filter>Header Files\TouchGFX\touchgfx\widgets</Filter>
    </ClInclude>
    <ClInclude Include="$(TouchGFXReleasePath)\framework\include\touchgfx\widgets\ButtonWithIcon.hpp">
      <Filter>Header Files\TouchGFX\touchgfx\widgets</Filter>
    </ClInclude>
    <ClInclude Include="$(TouchGFXReleasePath)\framework\include\touchgfx\widgets\ButtonWithLabel.hpp">
      <Filter>Header Files\TouchGFX\touchgfx\widgets</Filter>
    </ClInclude>
    <ClInclude Include="$(TouchGFXReleasePath)\framework\include\touchgfx\widgets\canvas\AbstractPainter.hpp">
      <Filter>Header Files\TouchGFX\touchgfx\widgets\canvas</Filter>
    </ClInclude>
    <ClInclude Include="$(TouchGFXReleasePath)\framework\include\touchgfx\widgets\canvas\AbstractPainterBW.hpp">
      <Filter>Header Files\TouchGFX\touchgfx\widgets\canvas</Filter>
    </ClInclude>
    <ClInclude Include="$(TouchGFXReleasePath)\framework\include\touchgfx\widgets\canvas\AbstractPainterGRAY2.hpp">
      <Filter>Header Files\TouchGFX\touchgfx\widgets\canvas</Filter>
    </ClInclude>
    <ClInclude Include="$(TouchGFXReleasePath)\framework\include\touchgfx\widgets\canvas\AbstractPainterGRAY4.hpp">
      <Filter>Header Files\TouchGFX\touchgfx\widgets\canvas</Filter>
    </ClInclude>
    <ClInclude Include="$(TouchGFXReleasePath)\framework\include\touchgfx\widgets\canvas\AbstractPainterRGB565.hpp">
      <Filter>Header Files\TouchGFX\touchgfx\widgets\canvas</Filter>
    </ClInclude>
    <ClInclude Include="$(TouchGFXReleasePath)\framework\include\touchgfx\widgets\canvas\AbstractPainterRGB888.hpp">
      <Filter>Header Files\TouchGFX\touchgfx\widgets\canvas</Filter>
    </ClInclude>
    <ClInclude Include="$(TouchGFXReleasePath)\framework\include\touchgfx\widgets\canvas\AbstractShape.hpp">
      <Filter>Header Files\TouchGFX\touchgfx\widgets\canvas</Filter>
    </ClInclude>
    <ClInclude Include="$(TouchGFXReleasePath)\framework\include\touchgfx\widgets\canvas\Canvas.hpp">
      <Filter>Header Files\TouchGFX\touchgfx\widgets\canvas</Filter>
    </ClInclude>
    <ClInclude Include="$(TouchGFXReleasePath)\framework\include\touchgfx\widgets\canvas\CanvasWidget.hpp">
      <Filter>Header Files\TouchGFX\touchgfx\widgets\canvas</Filter>
    </ClInclude>
    <ClInclude Include="$(TouchGFXReleasePath)\framework\include\touchgfx\widgets\canvas\Circle.hpp">
      <Filter>Header Files\TouchGFX\touchgfx\widgets\canvas</Filter>
    </ClInclude>
    <ClInclude Include="$(TouchGFXReleasePath)\framework\include\touchgfx\widgets\canvas\CWRUtil.hpp">
      <Filter>Header Files\TouchGFX\touchgfx\widgets\canvas</Filter>
    </ClInclude>
    <ClInclude Include="$(TouchGFXReleasePath)\framework\include\touchgfx\widgets\canvas\Line.hpp">
      <Filter>Header Files\TouchGFX\touchgfx\widgets\canvas</Filter>
    </ClInclude>
    <ClInclude Include="$(TouchGFXReleasePath)\framework\include\touchgfx\widgets\canvas\PainterBW.hpp">
      <Filter>Header Files\TouchGFX\touchgfx\widgets\canvas</Filter>
    </ClInclude>
    <ClInclude Include="$(TouchGFXReleasePath)\framework\include\touchgfx\widgets\canvas\PainterGRAY2.hpp">
      <Filter>Header Files\TouchGFX\touchgfx\widgets\canvas</Filter>
    </ClInclude>
    <ClInclude Include="$(TouchGFXReleasePath)\framework\include\touchgfx\widgets\canvas\PainterGRAY2Bitmap.hpp">
      <Filter>Header Files\TouchGFX\touchgfx\widgets\canvas</Filter>
    </ClInclude>
    <ClInclude Include="$(TouchGFXReleasePath)\framework\include\touchgfx\widgets\canvas\PainterGRAY4.hpp">
      <Filter>Header Files\TouchGFX\touchgfx\widgets\canvas</Filter>
    </ClInclude>
    <ClInclude Include="$(TouchGFXReleasePath)\framework\include\touchgfx\widgets\canvas\PainterGRAY4Bitmap.hpp">
      <Filter>Header Files\TouchGFX\touchgfx\widgets\canvas</Filter>
    </ClInclude>
    <ClInclude Include="$(TouchGFXReleasePath)\framework\include\touchgfx\widgets\canvas\PainterRGB565.hpp">
      <Filter>Header Files\TouchGFX\touchgfx\widgets\canvas</Filter>
    </ClInclude>
    <ClInclude Include="$(TouchGFXReleasePath)\framework\include\touchgfx\widgets\canvas\PainterRGB565Bitmap.hpp">
      <Filter>Header Files\TouchGFX\touchgfx\widgets\canvas</Filter>
    </ClInclude>
    <ClInclude Include="$(TouchGFXReleasePath)\framework\include\touchgfx\widgets\canvas\PainterRGB888.hpp">
      <Filter>Header Files\TouchGFX\touchgfx\widgets\canvas</Filter>
    </ClInclude>
    <ClInclude Include="$(TouchGFXReleasePath)\framework\include\touchgfx\widgets\canvas\PainterRGB888Bitmap.hpp">
      <Filter>Header Files\TouchGFX\touchgfx\widgets\canvas</Filter>
    </ClInclude>
    <ClInclude Include="$(TouchGFXReleasePath)\framework\include\touchgfx\widgets\canvas\Shape.hpp">
      <Filter>Header Files\TouchGFX\touchgfx\widgets\canvas</Filter>
    </ClInclude>
    <ClInclude Include="$(TouchGFXReleasePath)\framework\include\touchgfx\widgets\Image.hpp">
      <Filter>Header Files\TouchGFX\touchgfx\widgets</Filter>
    </ClInclude>
    <ClInclude Include="$(TouchGFXReleasePath)\framework\include\touchgfx\widgets\Keyboard.hpp">
      <Filter>Header Files\TouchGFX\touchgfx\widgets</Filter>
    </ClInclude>
    <ClInclude Include="$(TouchGFXReleasePath)\framework\include\touchgfx\widgets\PixelDataWidget.hpp">
      <Filter>Header Files\TouchGFX\touchgfx\widgets</Filter>
    </ClInclude>
    <ClInclude Include="$(TouchGFXReleasePath)\framework\include\touchgfx\widgets\RadioButton.hpp">
      <Filter>Header Files\TouchGFX\touchgfx\widgets</Filter>
    </ClInclude>
    <ClInclude Include="$(TouchGFXReleasePath)\framework\include\touchgfx\widgets\RadioButtonGroup.hpp">
      <Filter>Header Files\TouchGFX\touchgfx\widgets</Filter>
    </ClInclude>
    <ClInclude Include="$(TouchGFXReleasePath)\framework\include\touchgfx\widgets\RepeatButton.hpp">
      <Filter>Header Files\TouchGFX\touchgfx\widgets</Filter>
    </ClInclude>
    <ClInclude Include="$(TouchGFXReleasePath)\framework\include\touchgfx\widgets\ScalableImage.hpp">
      <Filter>Header Files\TouchGFX\touchgfx\widgets</Filter>
    </ClInclude>
    <ClInclude Include="$(TouchGFXReleasePath)\framework\include\touchgfx\widgets\SnapshotWidget.hpp">
      <Filter>Header Files\TouchGFX\touchgfx\widgets</Filter>
    </ClInclude>
    <ClInclude Include="$(TouchGFXReleasePath)\framework\include\touchgfx\widgets\TextArea.hpp">
      <Filter>Header Files\TouchGFX\touchgfx\widgets</Filter>
    </ClInclude>
    <ClInclude Include="$(TouchGFXReleasePath)\framework\include\touchgfx\widgets\TextAreaWithWildcard.hpp">
      <Filter>Header Files\TouchGFX\touchgfx\widgets</Filter>
    </ClInclude>
    <ClInclude Include="$(TouchGFXReleasePath)\framework\include\touchgfx\widgets\TextureMapper.hpp">
      <Filter>Header Files\TouchGFX\touchgfx\widgets</Filter>
    </ClInclude>
    <ClInclude Include="$(TouchGFXReleasePath)\framework\include\touchgfx\widgets\TiledImage.hpp">
      <Filter>Header Files\TouchGFX\touchgfx\widgets</Filter>
    </ClInclude>
    <ClInclude Include="$(TouchGFXReleasePath)\framework\include\touchgfx\widgets\ToggleButton.hpp">
      <Filter>Header Files\TouchGFX\touchgfx\widgets</Filter>
    </ClInclude>
    <ClInclude Include="$(TouchGFXReleasePath)\framework\include\touchgfx\widgets\TouchArea.hpp">
      <Filter>Header Files\TouchGFX\touchgfx\widgets</Filter>
    </ClInclude>
    <ClInclude Include="$(TouchGFXReleasePath)\framework\include\touchgfx\widgets\Widget.hpp">
      <Filter>Header Files\TouchGFX\touchgfx\widgets</Filter>
    </ClInclude>
    <ClInclude Include="$(ApplicationRoot)\generated\simulator\include\simulator\mainBase.hpp">
      <Filter>Header Files\generated\simulator</Filter>
    </ClInclude>
    <ClInclude Include="..\..\generated\simulator\include\simulator\video\DirectFrameBufferVideoController.hpp">
      <Filter>Header Files\generated\simulator\include\simulator\video</Filter>
    </ClInclude>
    <ClInclude Include="..\..\gui\include\gui\common\FrontendApplication.hpp">
      <Filter>Header Files\gui\common</Filter>
    </ClInclude>
    <ClInclude Include="..\..\generated\gui_generated\include\gui_generated\common\FrontendApplicationBase.hpp">
      <Filter>Header Files\generated\gui_generated\common</Filter>
    </ClInclude>
    <ClInclude Include="..\..\gui\include\gui\common\FrontendHeap.hpp">
      <Filter>Header Files\gui\common</Filter>
    </ClInclude>
    <ClInclude Include="..\..\generated\gui_generated\include\gui_generated\common\FrontendHeapBase.hpp">
      <Filter>Header Files\generated\gui_generated\common</Filter>
    </ClInclude>
    <ClInclude Include="..\..\generated\simulator\include\simulator\video\MJPEGDecoder.hpp">
      <Filter>Header Files\generated\simulator\include\simulator\video</Filter>
    </ClInclude>
    <ClInclude Include="..\..\gui\include\gui\model\Model.hpp">
      <Filter>Header Files\gui\model</Filter>
    </ClInclude>
    <ClInclude Include="..\..\gui\include\gui\model\ModelListener.hpp">
      <Filter>Header Files\gui\model</Filter>
    </ClInclude>
    <ClInclude Include="..\..\generated\gui_generated\include\gui_generated\common\SimConstants.hpp">
      <Filter>Header Files\generated\gui_generated\common</Filter>
    </ClInclude>
    <ClInclude Include="..\..\generated\simulator\include\simulator\video\SoftwareMJPEGDecoder.hpp">
      <Filter>Header Files\generated\simulator\include\simulator\video</Filter>
    </ClInclude>
    <ClInclude Include="..\..\gui\include\gui\widgets\AnalogClockExtended.hpp">
      <Filter>Header Files\gui\widgets</Filter>
    </ClInclude>
    <ClInclude Include="..\..\gui\include\gui\containers\blackContainer.hpp">
      <Filter>Header Files\gui\containers</Filter>
    </ClInclude>
    <ClInclude Include="..\..\generated\gui_generated\include\gui_generated\containers\blackContainerBase.hpp">
      <Filter>Header Files\generated\gui_generated\containers</Filter>
    </ClInclude>
    <ClInclude Include="..\..\gui\include\gui\coffee_screen\CoffeePresenter.hpp">
      <Filter>Header Files\gui\coffee_screen</Filter>
    </ClInclude>
    <ClInclude Include="..\..\gui\include\gui\coffee_screen\CoffeeView.hpp">
      <Filter>Header Files\gui\coffee_screen</Filter>
    </ClInclude>
    <ClInclude Include="..\..\generated\gui_generated\include\gui_generated\coffee_screen\CoffeeViewBase.hpp">
      <Filter>Header Files\generated\gui_generated\coffee_screen</Filter>
    </ClInclude>
    <ClInclude Include="..\..\gui\include\gui\common\Constants.hpp">
      <Filter>Header Files\gui\common</Filter>
    </ClInclude>
    <ClInclude Include="..\..\gui\include\gui\common\Enums.hpp">
      <Filter>Header Files\gui\common</Filter>
    </ClInclude>
    <ClInclude Include="..\..\gui\include\gui\exercisescreen_screen\ExerciseScreenPresenter.hpp">
      <Filter>Header Files\gui\exercisescreen_screen</Filter>
    </ClInclude>
    <ClInclude Include="..\..\gui\include\gui\exercisescreen_screen\ExerciseScreenView.hpp">
      <Filter>Header Files\gui\exercisescreen_screen</Filter>
    </ClInclude>
    <ClInclude Include="..\..\generated\gui_generated\include\gui_generated\exercisescreen_screen\ExerciseScreenViewBase.hpp">
      <Filter>Header Files\generated\gui_generated\exercisescreen_screen</Filter>
    </ClInclude>
    <ClInclude Include="..\..\gui\include\gui\common\FloatEasingEquations.hpp">
      <Filter>Header Files\gui\common</Filter>
    </ClInclude>
    <ClInclude Include="..\..\gui\include\gui\hoblevelscreen_screen\HobLevelScreenPresenter.hpp">
      <Filter>Header Files\gui\hoblevelscreen_screen</Filter>
    </ClInclude>
    <ClInclude Include="..\..\gui\include\gui\hoblevelscreen_screen\HobLevelScreenView.hpp">
      <Filter>Header Files\gui\hoblevelscreen_screen</Filter>
    </ClInclude>
    <ClInclude Include="..\..\generated\gui_generated\include\gui_generated\hoblevelscreen_screen\HobLevelScreenViewBase.hpp">
      <Filter>Header Files\generated\gui_generated\hoblevelscreen_screen</Filter>
    </ClInclude>
    <ClInclude Include="..\..\gui\include\gui\hobscreen_screen\HobScreenPresenter.hpp">
      <Filter>Header Files\gui\hobscreen_screen</Filter>
    </ClInclude>
    <ClInclude Include="..\..\gui\include\gui\hobscreen_screen\HobScreenView.hpp">
      <Filter>Header Files\gui\hobscreen_screen</Filter>
    </ClInclude>
    <ClInclude Include="..\..\generated\gui_generated\include\gui_generated\hobscreen_screen\HobScreenViewBase.hpp">
      <Filter>Header Files\generated\gui_generated\hobscreen_screen</Filter>
    </ClInclude>
    <ClInclude Include="..\..\gui\include\gui\intro_screen\IntroPresenter.hpp">
      <Filter>Header Files\gui\intro_screen</Filter>
    </ClInclude>
    <ClInclude Include="..\..\gui\include\gui\intro_screen\IntroView.hpp">
      <Filter>Header Files\gui\intro_screen</Filter>
    </ClInclude>
    <ClInclude Include="..\..\generated\gui_generated\include\gui_generated\intro_screen\IntroViewBase.hpp">
      <Filter>Header Files\generated\gui_generated\intro_screen</Filter>
    </ClInclude>
    <ClInclude Include="..\..\gui\include\gui\menuscreen_screen\MenuScreenPresenter.hpp">
      <Filter>Header Files\gui\menuscreen_screen</Filter>
    </ClInclude>
    <ClInclude Include="..\..\gui\include\gui\menuscreen_screen\MenuScreenView.hpp">
      <Filter>Header Files\gui\menuscreen_screen</Filter>
    </ClInclude>
    <ClInclude Include="..\..\generated\gui_generated\include\gui_generated\menuscreen_screen\MenuScreenViewBase.hpp">
      <Filter>Header Files\generated\gui_generated\menuscreen_screen</Filter>
    </ClInclude>
    <ClInclude Include="..\..\gui\include\gui\containers\MenuWheel.hpp">
      <Filter>Header Files\gui\containers</Filter>
    </ClInclude>
    <ClInclude Include="..\..\generated\gui_generated\include\gui_generated\containers\MenuWheelBase.hpp">
      <Filter>Header Files\generated\gui_generated\containers</Filter>
    </ClInclude>
    <ClInclude Include="..\..\gui\include\gui\oventempview_screen\OvenTempViewPresenter.hpp">
      <Filter>Header Files\gui\oventempview_screen</Filter>
    </ClInclude>
    <ClInclude Include="..\..\gui\include\gui\oventempview_screen\OvenTempViewView.hpp">
      <Filter>Header Files\gui\oventempview_screen</Filter>
    </ClInclude>
    <ClInclude Include="..\..\generated\gui_generated\include\gui_generated\oventempview_screen\OvenTempViewViewBase.hpp">
      <Filter>Header Files\generated\gui_generated\oventempview_screen</Filter>
    </ClInclude>
    <ClInclude Include="..\..\gui\include\gui\runningscreen_screen\RunningScreenPresenter.hpp">
      <Filter>Header Files\gui\runningscreen_screen</Filter>
    </ClInclude>
    <ClInclude Include="..\..\gui\include\gui\runningscreen_screen\RunningScreenView.hpp">
      <Filter>Header Files\gui\runningscreen_screen</Filter>
    </ClInclude>
    <ClInclude Include="..\..\generated\gui_generated\include\gui_generated\runningscreen_screen\RunningScreenViewBase.hpp">
      <Filter>Header Files\generated\gui_generated\runningscreen_screen</Filter>
    </ClInclude>
    <ClInclude Include="..\..\gui\include\gui\common\Settings.hpp">
      <Filter>Header Files\gui\common</Filter>
    </ClInclude>
    <ClInclude Include="..\..\gui\include\gui\widgets\TextArc.hpp">
      <Filter>Header Files\gui\widgets</Filter>
    </ClInclude>
    <ClInclude Include="..\..\gui\include\gui\volume_screen\VolumePresenter.hpp">
      <Filter>Header Files\gui\volume_screen</Filter>
    </ClInclude>
    <ClInclude Include="..\..\gui\include\gui\volume_screen\VolumeView.hpp">
      <Filter>Header Files\gui\volume_screen</Filter>
    </ClInclude>
    <ClInclude Include="..\..\generated\gui_generated\include\gui_generated\volume_screen\VolumeViewBase.hpp">
      <Filter>Header Files\generated\gui_generated\volume_screen</Filter>
    </ClInclude>
  </ItemGroup>
  <ItemGroup>
    <ResourceCompile Include="$(ApplicationRoot)\generated\simulator\touchgfx.rc">
      <Filter>Resource Files</Filter>
    </ResourceCompile>
  </ItemGroup>
</Project>
